// !$*UTF8*$!
{
	archiveVersion = 1;
	classes = {
	};
	objectVersion = 46;
	objects = {

/* Begin PBXBuildFile section */
		527112C51DC4EDDB009889CC /* AppDelegate.swift in Sources */ = {isa = PBXBuildFile; fileRef = 527112C41DC4EDDB009889CC /* AppDelegate.swift */; };
		527112C71DC4EDDB009889CC /* ViewController.swift in Sources */ = {isa = PBXBuildFile; fileRef = 527112C61DC4EDDB009889CC /* ViewController.swift */; };
		527112CA1DC4EDDB009889CC /* Main.storyboard in Resources */ = {isa = PBXBuildFile; fileRef = 527112C81DC4EDDB009889CC /* Main.storyboard */; };
		527112CC1DC4EDDB009889CC /* Assets.xcassets in Resources */ = {isa = PBXBuildFile; fileRef = 527112CB1DC4EDDB009889CC /* Assets.xcassets */; };
		527112CF1DC4EDDB009889CC /* LaunchScreen.storyboard in Resources */ = {isa = PBXBuildFile; fileRef = 527112CD1DC4EDDB009889CC /* LaunchScreen.storyboard */; };
/* End PBXBuildFile section */

/* Begin PBXFileReference section */
		527112C11DC4EDDB009889CC /* Uptime.app */ = {isa = PBXFileReference; explicitFileType = wrapper.application; includeInIndex = 0; path = Uptime.app; sourceTree = BUILT_PRODUCTS_DIR; };
		527112C41DC4EDDB009889CC /* AppDelegate.swift */ = {isa = PBXFileReference; lastKnownFileType = sourcecode.swift; path = AppDelegate.swift; sourceTree = "<group>"; };
		527112C61DC4EDDB009889CC /* ViewController.swift */ = {isa = PBXFileReference; lastKnownFileType = sourcecode.swift; path = ViewController.swift; sourceTree = "<group>"; };
		527112C91DC4EDDB009889CC /* Base */ = {isa = PBXFileReference; lastKnownFileType = file.storyboard; name = Base; path = Base.lproj/Main.storyboard; sourceTree = "<group>"; };
		527112CB1DC4EDDB009889CC /* Assets.xcassets */ = {isa = PBXFileReference; lastKnownFileType = folder.assetcatalog; path = Assets.xcassets; sourceTree = "<group>"; };
		527112CE1DC4EDDB009889CC /* Base */ = {isa = PBXFileReference; lastKnownFileType = file.storyboard; name = Base; path = Base.lproj/LaunchScreen.storyboard; sourceTree = "<group>"; };
		527112D01DC4EDDB009889CC /* Info.plist */ = {isa = PBXFileReference; lastKnownFileType = text.plist.xml; path = Info.plist; sourceTree = "<group>"; };
/* End PBXFileReference section */

/* Begin PBXFrameworksBuildPhase section */
		527112BE1DC4EDDB009889CC /* Frameworks */ = {
			isa = PBXFrameworksBuildPhase;
			buildActionMask = 2147483647;
			files = (
			);
			runOnlyForDeploymentPostprocessing = 0;
		};
/* End PBXFrameworksBuildPhase section */

/* Begin PBXGroup section */
		527112B81DC4EDDB009889CC = {
			isa = PBXGroup;
			children = (
				527112C31DC4EDDB009889CC /* Uptime */,
				527112C21DC4EDDB009889CC /* Products */,
			);
			sourceTree = "<group>";
		};
		527112C21DC4EDDB009889CC /* Products */ = {
			isa = PBXGroup;
			children = (
				527112C11DC4EDDB009889CC /* Uptime.app */,
			);
			name = Products;
			sourceTree = "<group>";
		};
		527112C31DC4EDDB009889CC /* Uptime */ = {
			isa = PBXGroup;
			children = (
				527112C41DC4EDDB009889CC /* AppDelegate.swift */,
				527112C61DC4EDDB009889CC /* ViewController.swift */,
				527112C81DC4EDDB009889CC /* Main.storyboard */,
				527112CB1DC4EDDB009889CC /* Assets.xcassets */,
				527112CD1DC4EDDB009889CC /* LaunchScreen.storyboard */,
				527112D01DC4EDDB009889CC /* Info.plist */,
			);
			path = Uptime;
			sourceTree = "<group>";
		};
/* End PBXGroup section */

/* Begin PBXNativeTarget section */
		527112C01DC4EDDB009889CC /* Uptime */ = {
			isa = PBXNativeTarget;
			buildConfigurationList = 527112D31DC4EDDB009889CC /* Build configuration list for PBXNativeTarget "Uptime" */;
			buildPhases = (
				527112BD1DC4EDDB009889CC /* Sources */,
				527112BE1DC4EDDB009889CC /* Frameworks */,
				527112BF1DC4EDDB009889CC /* Resources */,
			);
			buildRules = (
			);
			dependencies = (
			);
			name = Uptime;
			productName = Uptime;
			productReference = 527112C11DC4EDDB009889CC /* Uptime.app */;
			productType = "com.apple.product-type.application";
		};
/* End PBXNativeTarget section */

/* Begin PBXProject section */
		527112B91DC4EDDB009889CC /* Project object */ = {
			isa = PBXProject;
			attributes = {
				LastSwiftUpdateCheck = 0800;
				LastUpgradeCheck = 0810;
				ORGANIZATIONNAME = "John Topley";
				TargetAttributes = {
					527112C01DC4EDDB009889CC = {
						CreatedOnToolsVersion = 8.0;
						DevelopmentTeam = NFKZGHNY57;
						ProvisioningStyle = Automatic;
					};
				};
			};
			buildConfigurationList = 527112BC1DC4EDDB009889CC /* Build configuration list for PBXProject "Uptime" */;
			compatibilityVersion = "Xcode 3.2";
			developmentRegion = English;
			hasScannedForEncodings = 0;
			knownRegions = (
				en,
				Base,
			);
			mainGroup = 527112B81DC4EDDB009889CC;
			productRefGroup = 527112C21DC4EDDB009889CC /* Products */;
			projectDirPath = "";
			projectRoot = "";
			targets = (
				527112C01DC4EDDB009889CC /* Uptime */,
			);
		};
/* End PBXProject section */

/* Begin PBXResourcesBuildPhase section */
		527112BF1DC4EDDB009889CC /* Resources */ = {
			isa = PBXResourcesBuildPhase;
			buildActionMask = 2147483647;
			files = (
				527112CF1DC4EDDB009889CC /* LaunchScreen.storyboard in Resources */,
				527112CC1DC4EDDB009889CC /* Assets.xcassets in Resources */,
				527112CA1DC4EDDB009889CC /* Main.storyboard in Resources */,
			);
			runOnlyForDeploymentPostprocessing = 0;
		};
/* End PBXResourcesBuildPhase section */

/* Begin PBXSourcesBuildPhase section */
		527112BD1DC4EDDB009889CC /* Sources */ = {
			isa = PBXSourcesBuildPhase;
			buildActionMask = 2147483647;
			files = (
				527112C71DC4EDDB009889CC /* ViewController.swift in Sources */,
				527112C51DC4EDDB009889CC /* AppDelegate.swift in Sources */,
			);
			runOnlyForDeploymentPostprocessing = 0;
		};
/* End PBXSourcesBuildPhase section */

/* Begin PBXVariantGroup section */
		527112C81DC4EDDB009889CC /* Main.storyboard */ = {
			isa = PBXVariantGroup;
			children = (
				527112C91DC4EDDB009889CC /* Base */,
			);
			name = Main.storyboard;
			sourceTree = "<group>";
		};
		527112CD1DC4EDDB009889CC /* LaunchScreen.storyboard */ = {
			isa = PBXVariantGroup;
			children = (
				527112CE1DC4EDDB009889CC /* Base */,
			);
			name = LaunchScreen.storyboard;
			sourceTree = "<group>";
		};
/* End PBXVariantGroup section */

/* Begin XCBuildConfiguration section */
		527112D11DC4EDDB009889CC /* Debug */ = {
			isa = XCBuildConfiguration;
			buildSettings = {
				ALWAYS_SEARCH_USER_PATHS = NO;
				CLANG_ANALYZER_NONNULL = YES;
				CLANG_CXX_LANGUAGE_STANDARD = "gnu++0x";
				CLANG_CXX_LIBRARY = "libc++";
				CLANG_ENABLE_MODULES = YES;
				CLANG_ENABLE_OBJC_ARC = YES;
				CLANG_WARN_BOOL_CONVERSION = YES;
				CLANG_WARN_CONSTANT_CONVERSION = YES;
				CLANG_WARN_DIRECT_OBJC_ISA_USAGE = YES_ERROR;
				CLANG_WARN_DOCUMENTATION_COMMENTS = YES;
				CLANG_WARN_EMPTY_BODY = YES;
				CLANG_WARN_ENUM_CONVERSION = YES;
				CLANG_WARN_INFINITE_RECURSION = YES;
				CLANG_WARN_INT_CONVERSION = YES;
				CLANG_WARN_OBJC_ROOT_CLASS = YES_ERROR;
				CLANG_WARN_SUSPICIOUS_MOVE = YES;
				CLANG_WARN_SUSPICIOUS_MOVES = YES;
				CLANG_WARN_UNREACHABLE_CODE = YES;
				CLANG_WARN__DUPLICATE_METHOD_MATCH = YES;
				"CODE_SIGN_IDENTITY[sdk=iphoneos*]" = "iPhone Developer";
				COPY_PHASE_STRIP = NO;
				DEBUG_INFORMATION_FORMAT = dwarf;
				ENABLE_STRICT_OBJC_MSGSEND = YES;
				ENABLE_TESTABILITY = YES;
				GCC_C_LANGUAGE_STANDARD = gnu99;
				GCC_DYNAMIC_NO_PIC = NO;
				GCC_NO_COMMON_BLOCKS = YES;
				GCC_OPTIMIZATION_LEVEL = 0;
				GCC_PREPROCESSOR_DEFINITIONS = (
					"DEBUG=1",
					"$(inherited)",
				);
				GCC_WARN_64_TO_32_BIT_CONVERSION = YES;
				GCC_WARN_ABOUT_RETURN_TYPE = YES_ERROR;
				GCC_WARN_UNDECLARED_SELECTOR = YES;
				GCC_WARN_UNINITIALIZED_AUTOS = YES_AGGRESSIVE;
				GCC_WARN_UNUSED_FUNCTION = YES;
				GCC_WARN_UNUSED_VARIABLE = YES;
				IPHONEOS_DEPLOYMENT_TARGET = 10.0;
				MTL_ENABLE_DEBUG_INFO = YES;
				ONLY_ACTIVE_ARCH = YES;
				SDKROOT = iphoneos;
				SWIFT_ACTIVE_COMPILATION_CONDITIONS = DEBUG;
				SWIFT_OPTIMIZATION_LEVEL = "-Onone";
				TARGETED_DEVICE_FAMILY = "1,2";
			};
			name = Debug;
		};
		527112D21DC4EDDB009889CC /* Release */ = {
			isa = XCBuildConfiguration;
			buildSettings = {
				ALWAYS_SEARCH_USER_PATHS = NO;
				CLANG_ANALYZER_NONNULL = YES;
				CLANG_CXX_LANGUAGE_STANDARD = "gnu++0x";
				CLANG_CXX_LIBRARY = "libc++";
				CLANG_ENABLE_MODULES = YES;
				CLANG_ENABLE_OBJC_ARC = YES;
				CLANG_WARN_BOOL_CONVERSION = YES;
				CLANG_WARN_CONSTANT_CONVERSION = YES;
				CLANG_WARN_DIRECT_OBJC_ISA_USAGE = YES_ERROR;
				CLANG_WARN_DOCUMENTATION_COMMENTS = YES;
				CLANG_WARN_EMPTY_BODY = YES;
				CLANG_WARN_ENUM_CONVERSION = YES;
				CLANG_WARN_INFINITE_RECURSION = YES;
				CLANG_WARN_INT_CONVERSION = YES;
				CLANG_WARN_OBJC_ROOT_CLASS = YES_ERROR;
				CLANG_WARN_SUSPICIOUS_MOVE = YES;
				CLANG_WARN_SUSPICIOUS_MOVES = YES;
				CLANG_WARN_UNREACHABLE_CODE = YES;
				CLANG_WARN__DUPLICATE_METHOD_MATCH = YES;
				"CODE_SIGN_IDENTITY[sdk=iphoneos*]" = "iPhone Developer";
				COPY_PHASE_STRIP = NO;
				DEBUG_INFORMATION_FORMAT = "dwarf-with-dsym";
				ENABLE_NS_ASSERTIONS = NO;
				ENABLE_STRICT_OBJC_MSGSEND = YES;
				GCC_C_LANGUAGE_STANDARD = gnu99;
				GCC_NO_COMMON_BLOCKS = YES;
				GCC_WARN_64_TO_32_BIT_CONVERSION = YES;
				GCC_WARN_ABOUT_RETURN_TYPE = YES_ERROR;
				GCC_WARN_UNDECLARED_SELECTOR = YES;
				GCC_WARN_UNINITIALIZED_AUTOS = YES_AGGRESSIVE;
				GCC_WARN_UNUSED_FUNCTION = YES;
				GCC_WARN_UNUSED_VARIABLE = YES;
				IPHONEOS_DEPLOYMENT_TARGET = 10.0;
				MTL_ENABLE_DEBUG_INFO = NO;
				SDKROOT = iphoneos;
				SWIFT_OPTIMIZATION_LEVEL = "-Owholemodule";
				TARGETED_DEVICE_FAMILY = "1,2";
				VALIDATE_PRODUCT = YES;
			};
			name = Release;
		};
		527112D41DC4EDDB009889CC /* Debug */ = {
			isa = XCBuildConfiguration;
			buildSettings = {
				ASSETCATALOG_COMPILER_APPICON_NAME = AppIcon;
				DEVELOPMENT_TEAM = NFKZGHNY57;
				INFOPLIST_FILE = Uptime/Info.plist;
				LD_RUNPATH_SEARCH_PATHS = "$(inherited) @executable_path/Frameworks";
				PRODUCT_BUNDLE_IDENTIFIER = com.sideprojectsoftware.Uptime;
				PRODUCT_NAME = "$(TARGET_NAME)";
				SWIFT_VERSION = 3.0;
			};
			name = Debug;
		};
		527112D51DC4EDDB009889CC /* Release */ = {
			isa = XCBuildConfiguration;
			buildSettings = {
				ASSETCATALOG_COMPILER_APPICON_NAME = AppIcon;
				DEVELOPMENT_TEAM = NFKZGHNY57;
				INFOPLIST_FILE = Uptime/Info.plist;
				LD_RUNPATH_SEARCH_PATHS = "$(inherited) @executable_path/Frameworks";
				PRODUCT_BUNDLE_IDENTIFIER = com.sideprojectsoftware.Uptime;
				PRODUCT_NAME = "$(TARGET_NAME)";
				SWIFT_VERSION = 3.0;
			};
			name = Release;
		};
/* End XCBuildConfiguration section */

/* Begin XCConfigurationList section */
		527112BC1DC4EDDB009889CC /* Build configuration list for PBXProject "Uptime" */ = {
			isa = XCConfigurationList;
			buildConfigurations = (
				527112D11DC4EDDB009889CC /* Debug */,
				527112D21DC4EDDB009889CC /* Release */,
			);
			defaultConfigurationIsVisible = 0;
			defaultConfigurationName = Release;
		};
		527112D31DC4EDDB009889CC /* Build configuration list for PBXNativeTarget "Uptime" */ = {
			isa = XCConfigurationList;
			buildConfigurations = (
				527112D41DC4EDDB009889CC /* Debug */,
				527112D51DC4EDDB009889CC /* Release */,
			);
			defaultConfigurationIsVisible = 0;
			defaultConfigurationName = Release;
		};
/* End XCConfigurationList section */
	};
	rootObject = 527112B91DC4EDDB009889CC /* Project object */;
}
